
Microsoft Visual Studio Solution File, Format Version 12.00
# Visual Studio Version 17
VisualStudioVersion = 17.14.36623.8 d17.14
MinimumVisualStudioVersion = 10.0.40219.1
Project("{FAE04EC0-301F-11D3-BF4B-00C04F79EFBC}") = "MotherLoadDB", "MotherLoadDB\MotherLoadDB.csproj", "{0AC24749-37BF-4978-8A75-93C1D1E7BF11}"
EndProject
Project("{FAE04EC0-301F-11D3-BF4B-00C04F79EFBC}") = "DBAdminTools", "DBAdminTools\DBAdminTools.csproj", "{215172C5-37AF-4E4F-A571-DC868D7BDBB6}"
EndProject
Global
	GlobalSection(SolutionConfigurationPlatforms) = preSolution
		Debug|Any CPU = Debug|Any CPU
		Release|Any CPU = Release|Any CPU
	EndGlobalSection
	GlobalSection(ProjectConfigurationPlatforms) = postSolution
		{0AC24749-37BF-4978-8A75-93C1D1E7BF11}.Debug|Any CPU.ActiveCfg = Debug|Any CPU
		{0AC24749-37BF-4978-8A75-93C1D1E7BF11}.Debug|Any CPU.Build.0 = Debug|Any CPU
		{0AC24749-37BF-4978-8A75-93C1D1E7BF11}.Release|Any CPU.ActiveCfg = Release|Any CPU
		{0AC24749-37BF-4978-8A75-93C1D1E7BF11}.Release|Any CPU.Build.0 = Release|Any CPU
		{215172C5-37AF-4E4F-A571-DC868D7BDBB6}.Debug|Any CPU.ActiveCfg = Debug|Any CPU
		{215172C5-37AF-4E4F-A571-DC868D7BDBB6}.Debug|Any CPU.Build.0 = Debug|Any CPU
		{215172C5-37AF-4E4F-A571-DC868D7BDBB6}.Release|Any CPU.ActiveCfg = Release|Any CPU
		{215172C5-37AF-4E4F-A571-DC868D7BDBB6}.Release|Any CPU.Build.0 = Release|Any CPU
	EndGlobalSection
	GlobalSection(SolutionProperties) = preSolution
		HideSolutionNode = FALSE
	EndGlobalSection
	GlobalSection(ExtensibilityGlobals) = postSolution
		SolutionGuid = {EE8166DB-3806-473A-B8A2-83BE57F79ACE}
	EndGlobalSection
EndGlobal
